
Microsoft Visual Studio Solution File, Format Version 12.00
# Visual Studio Version 17
VisualStudioVersion = 17.0.31903.59
MinimumVisualStudioVersion = 10.0.40219.1
Project("{FAE04EC0-301F-11D3-BF4B-00C04F79EFBC}") = "Application", "Application\Application.csproj", "{62EBB278-174C-47FC-B23A-8C974EFBAC40}"
EndProject
Project("{FAE04EC0-301F-11D3-BF4B-00C04F79EFBC}") = "Domain", "Domain\Domain.csproj", "{C24476EF-D2CC-4230-BBBC-9600B4D6EB2E}"
EndProject
Project("{FAE04EC0-301F-11D3-BF4B-00C04F79EFBC}") = "Infrastructure", "Infrastructure\Infrastructure.csproj", "{B63B0D08-0C81-4E86-9AE0-CC933A24E3C0}"
EndProject
Project("{FAE04EC0-301F-11D3-BF4B-00C04F79EFBC}") = "WebApi", "WebApi\WebApi.csproj", "{D2BF7AD6-3274-4616-B1A6-C5453BC2C77A}"
EndProject
Project("{FAE04EC0-301F-11D3-BF4B-00C04F79EFBC}") = "Restaurant.Tests", "Restaurant.Tests\Restaurant.Tests.csproj", "{554545F0-1393-470A-AE9D-3E3E9B85A966}"
EndProject
Global
	GlobalSection(SolutionConfigurationPlatforms) = preSolution
		Debug|Any CPU = Debug|Any CPU
		Debug|x64 = Debug|x64
		Debug|x86 = Debug|x86
		Release|Any CPU = Release|Any CPU
		Release|x64 = Release|x64
		Release|x86 = Release|x86
	EndGlobalSection
	GlobalSection(ProjectConfigurationPlatforms) = postSolution
		{62EBB278-174C-47FC-B23A-8C974EFBAC40}.Debug|Any CPU.ActiveCfg = Debug|Any CPU
		{62EBB278-174C-47FC-B23A-8C974EFBAC40}.Debug|Any CPU.Build.0 = Debug|Any CPU
		{62EBB278-174C-47FC-B23A-8C974EFBAC40}.Debug|x64.ActiveCfg = Debug|Any CPU
		{62EBB278-174C-47FC-B23A-8C974EFBAC40}.Debug|x64.Build.0 = Debug|Any CPU
		{62EBB278-174C-47FC-B23A-8C974EFBAC40}.Debug|x86.ActiveCfg = Debug|Any CPU
		{62EBB278-174C-47FC-B23A-8C974EFBAC40}.Debug|x86.Build.0 = Debug|Any CPU
		{62EBB278-174C-47FC-B23A-8C974EFBAC40}.Release|Any CPU.ActiveCfg = Release|Any CPU
		{62EBB278-174C-47FC-B23A-8C974EFBAC40}.Release|Any CPU.Build.0 = Release|Any CPU
		{62EBB278-174C-47FC-B23A-8C974EFBAC40}.Release|x64.ActiveCfg = Release|Any CPU
		{62EBB278-174C-47FC-B23A-8C974EFBAC40}.Release|x64.Build.0 = Release|Any CPU
		{62EBB278-174C-47FC-B23A-8C974EFBAC40}.Release|x86.ActiveCfg = Release|Any CPU
		{62EBB278-174C-47FC-B23A-8C974EFBAC40}.Release|x86.Build.0 = Release|Any CPU
		{C24476EF-D2CC-4230-BBBC-9600B4D6EB2E}.Debug|Any CPU.ActiveCfg = Debug|Any CPU
		{C24476EF-D2CC-4230-BBBC-9600B4D6EB2E}.Debug|Any CPU.Build.0 = Debug|Any CPU
		{C24476EF-D2CC-4230-BBBC-9600B4D6EB2E}.Debug|x64.ActiveCfg = Debug|Any CPU
		{C24476EF-D2CC-4230-BBBC-9600B4D6EB2E}.Debug|x64.Build.0 = Debug|Any CPU
		{C24476EF-D2CC-4230-BBBC-9600B4D6EB2E}.Debug|x86.ActiveCfg = Debug|Any CPU
		{C24476EF-D2CC-4230-BBBC-9600B4D6EB2E}.Debug|x86.Build.0 = Debug|Any CPU
		{C24476EF-D2CC-4230-BBBC-9600B4D6EB2E}.Release|Any CPU.ActiveCfg = Release|Any CPU
		{C24476EF-D2CC-4230-BBBC-9600B4D6EB2E}.Release|Any CPU.Build.0 = Release|Any CPU
		{C24476EF-D2CC-4230-BBBC-9600B4D6EB2E}.Release|x64.ActiveCfg = Release|Any CPU
		{C24476EF-D2CC-4230-BBBC-9600B4D6EB2E}.Release|x64.Build.0 = Release|Any CPU
		{C24476EF-D2CC-4230-BBBC-9600B4D6EB2E}.Release|x86.ActiveCfg = Release|Any CPU
		{C24476EF-D2CC-4230-BBBC-9600B4D6EB2E}.Release|x86.Build.0 = Release|Any CPU
		{B63B0D08-0C81-4E86-9AE0-CC933A24E3C0}.Debug|Any CPU.ActiveCfg = Debug|Any CPU
		{B63B0D08-0C81-4E86-9AE0-CC933A24E3C0}.Debug|Any CPU.Build.0 = Debug|Any CPU
		{B63B0D08-0C81-4E86-9AE0-CC933A24E3C0}.Debug|x64.ActiveCfg = Debug|Any CPU
		{B63B0D08-0C81-4E86-9AE0-CC933A24E3C0}.Debug|x64.Build.0 = Debug|Any CPU
		{B63B0D08-0C81-4E86-9AE0-CC933A24E3C0}.Debug|x86.ActiveCfg = Debug|Any CPU
		{B63B0D08-0C81-4E86-9AE0-CC933A24E3C0}.Debug|x86.Build.0 = Debug|Any CPU
		{B63B0D08-0C81-4E86-9AE0-CC933A24E3C0}.Release|Any CPU.ActiveCfg = Release|Any CPU
		{B63B0D08-0C81-4E86-9AE0-CC933A24E3C0}.Release|Any CPU.Build.0 = Release|Any CPU
		{B63B0D08-0C81-4E86-9AE0-CC933A24E3C0}.Release|x64.ActiveCfg = Release|Any CPU
		{B63B0D08-0C81-4E86-9AE0-CC933A24E3C0}.Release|x64.Build.0 = Release|Any CPU
		{B63B0D08-0C81-4E86-9AE0-CC933A24E3C0}.Release|x86.ActiveCfg = Release|Any CPU
		{B63B0D08-0C81-4E86-9AE0-CC933A24E3C0}.Release|x86.Build.0 = Release|Any CPU
		{D2BF7AD6-3274-4616-B1A6-C5453BC2C77A}.Debug|Any CPU.ActiveCfg = Debug|Any CPU
		{D2BF7AD6-3274-4616-B1A6-C5453BC2C77A}.Debug|Any CPU.Build.0 = Debug|Any CPU
		{D2BF7AD6-3274-4616-B1A6-C5453BC2C77A}.Debug|x64.ActiveCfg = Debug|Any CPU
		{D2BF7AD6-3274-4616-B1A6-C5453BC2C77A}.Debug|x64.Build.0 = Debug|Any CPU
		{D2BF7AD6-3274-4616-B1A6-C5453BC2C77A}.Debug|x86.ActiveCfg = Debug|Any CPU
		{D2BF7AD6-3274-4616-B1A6-C5453BC2C77A}.Debug|x86.Build.0 = Debug|Any CPU
		{D2BF7AD6-3274-4616-B1A6-C5453BC2C77A}.Release|Any CPU.ActiveCfg = Release|Any CPU
		{D2BF7AD6-3274-4616-B1A6-C5453BC2C77A}.Release|Any CPU.Build.0 = Release|Any CPU
		{D2BF7AD6-3274-4616-B1A6-C5453BC2C77A}.Release|x64.ActiveCfg = Release|Any CPU
		{D2BF7AD6-3274-4616-B1A6-C5453BC2C77A}.Release|x64.Build.0 = Release|Any CPU
		{D2BF7AD6-3274-4616-B1A6-C5453BC2C77A}.Release|x86.ActiveCfg = Release|Any CPU
		{D2BF7AD6-3274-4616-B1A6-C5453BC2C77A}.Release|x86.Build.0 = Release|Any CPU
		{554545F0-1393-470A-AE9D-3E3E9B85A966}.Debug|Any CPU.ActiveCfg = Debug|Any CPU
		{554545F0-1393-470A-AE9D-3E3E9B85A966}.Debug|Any CPU.Build.0 = Debug|Any CPU
		{554545F0-1393-470A-AE9D-3E3E9B85A966}.Debug|x64.ActiveCfg = Debug|Any CPU
		{554545F0-1393-470A-AE9D-3E3E9B85A966}.Debug|x64.Build.0 = Debug|Any CPU
		{554545F0-1393-470A-AE9D-3E3E9B85A966}.Debug|x86.ActiveCfg = Debug|Any CPU
		{554545F0-1393-470A-AE9D-3E3E9B85A966}.Debug|x86.Build.0 = Debug|Any CPU
		{554545F0-1393-470A-AE9D-3E3E9B85A966}.Release|Any CPU.ActiveCfg = Release|Any CPU
		{554545F0-1393-470A-AE9D-3E3E9B85A966}.Release|Any CPU.Build.0 = Release|Any CPU
		{554545F0-1393-470A-AE9D-3E3E9B85A966}.Release|x64.ActiveCfg = Release|Any CPU
		{554545F0-1393-470A-AE9D-3E3E9B85A966}.Release|x64.Build.0 = Release|Any CPU
		{554545F0-1393-470A-AE9D-3E3E9B85A966}.Release|x86.ActiveCfg = Release|Any CPU
		{554545F0-1393-470A-AE9D-3E3E9B85A966}.Release|x86.Build.0 = Release|Any CPU
	EndGlobalSection
	GlobalSection(SolutionProperties) = preSolution
		HideSolutionNode = FALSE
	EndGlobalSection
EndGlobal
